<Solution>
  <Folder Name="/tests/" />
  <Project Path="SecondBrain.Abstractions/SecondBrain.Abstractions.csproj" Id="36b4a63b-17a4-45ca-b122-4568a9511f98" />
  <Project Path="SecondBrain.Domain/SecondBrain.Domain.csproj" Id="8ad671e7-c9fa-49cc-a5a2-9dfd051b9649" />
  <Project Path="tests/SecondBrain.Domain.Tests/SecondBrain.Domain.Tests.csproj" />
</Solution>
